
Microsoft Visual Studio Solution File, Format Version 12.00
# Visual Studio Version 16
VisualStudioVersion = 16.0.30114.105
MinimumVisualStudioVersion = 10.0.40219.1
Project("{2150E333-8FDC-42A3-9474-1A3956D46DE8}") = "src", "src", "{AAF6D02A-F985-4655-95F9-8623DB80DF6C}"
EndProject
Project("{FAE04EC0-301F-11D3-BF4B-00C04F79EFBC}") = "ChannelEngine", "src\ChannelEngine\ChannelEngine.csproj", "{70A8BF7D-C94A-4071-8762-B017695E61A1}"
EndProject
Project("{2150E333-8FDC-42A3-9474-1A3956D46DE8}") = "tests", "tests", "{D66EE904-D144-40EB-8844-9647410A785A}"
EndProject
Project("{FAE04EC0-301F-11D3-BF4B-00C04F79EFBC}") = "ChannelEngine.Tests", "tests\ChannelEngine.Tests\ChannelEngine.Tests.csproj", "{7A5867E8-991B-44E8-8441-491F67EFC8E4}"
EndProject
Global
	GlobalSection(SolutionConfigurationPlatforms) = preSolution
		Debug|Any CPU = Debug|Any CPU
		Release|Any CPU = Release|Any CPU
	EndGlobalSection
	GlobalSection(SolutionProperties) = preSolution
		HideSolutionNode = FALSE
	EndGlobalSection
	GlobalSection(ProjectConfigurationPlatforms) = postSolution
		{70A8BF7D-C94A-4071-8762-B017695E61A1}.Debug|Any CPU.ActiveCfg = Debug|Any CPU
		{70A8BF7D-C94A-4071-8762-B017695E61A1}.Debug|Any CPU.Build.0 = Debug|Any CPU
		{70A8BF7D-C94A-4071-8762-B017695E61A1}.Release|Any CPU.ActiveCfg = Release|Any CPU
		{70A8BF7D-C94A-4071-8762-B017695E61A1}.Release|Any CPU.Build.0 = Release|Any CPU
		{7A5867E8-991B-44E8-8441-491F67EFC8E4}.Debug|Any CPU.ActiveCfg = Debug|Any CPU
		{7A5867E8-991B-44E8-8441-491F67EFC8E4}.Debug|Any CPU.Build.0 = Debug|Any CPU
		{7A5867E8-991B-44E8-8441-491F67EFC8E4}.Release|Any CPU.ActiveCfg = Release|Any CPU
		{7A5867E8-991B-44E8-8441-491F67EFC8E4}.Release|Any CPU.Build.0 = Release|Any CPU
	EndGlobalSection
	GlobalSection(NestedProjects) = preSolution
		{70A8BF7D-C94A-4071-8762-B017695E61A1} = {AAF6D02A-F985-4655-95F9-8623DB80DF6C}
		{7A5867E8-991B-44E8-8441-491F67EFC8E4} = {D66EE904-D144-40EB-8844-9647410A785A}
	EndGlobalSection
EndGlobal
